lockfileVersion: '9.0'

settings:
  autoInstallPeers: true
  excludeLinksFromLockfile: false

importers:

  .:
    dependencies:
      '@hookform/resolvers':
        specifier: ^3.10.0
        version: 3.10.0(react-hook-form@7.76.0(react@18.3.1))
      '@radix-ui/react-accordion':
        specifier: ^1.2.11
        version: 1.2.12(@types/react-dom@18.3.7(@types/react@18.3.28))(@types/react@18.3.28)(react-dom@18.3.1(react@18.3.1))(react@18.3.1)
      '@radix-ui/react-alert-dialog':
        specifier: ^1.1.14
        version: 1.1.15(@types/react-dom@18.3.7(@types/react@18.3.28))(@types/react@18.3.28)(react-dom@18.3.1(react@18.3.1))(react@18.3.1)
      '@radix-ui/react-aspect-ratio':
        specifier: ^1.1.7
        version: 1.1.8(@types/react-dom@18.3.7(@types/react@18.3.28))(@types/react@18.3.28)(react-dom@18.3.1(react@18.3.1))(react@18.3.1)
      '@radix-ui/react-avatar':
        specifier: ^1.1.10
        version: 1.1.11(@types/react-dom@18.3.7(@types/react@18.3.28))(@types/react@18.3.28)(react-dom@18.3.1(react@18.3.1))(react@18.3.1)
      '@radix-ui/react-checkbox':
        specifier: ^1.3.2
        version: 1.3.3(@types/react-dom@18.3.7(@types/react@18.3.28))(@types/react@18.3.28)(react-dom@18.3.1(react@18.3.1))(react@18.3.1)
      '@radix-ui/react-collapsible':
        specifier: ^1.1.11
        version: 1.1.12(@types/react-dom@18.3.7(@types/react@18.3.28))(@types/react@18.3.28)(react-dom@18.3.1(react@18.3.1))(react@18.3.1)
      '@radix-ui/react-context-menu':
        specifier: ^2.2.15
        version: 2.2.16(@types/react-dom@18.3.7(@types/react@18.3.28))(@types/react@18.3.28)(react-dom@18.3.1(react@18.3.1))(react@18.3.1)
      '@radix-ui/react-dialog':
        specifier: ^1.1.14
        version: 1.1.15(@types/react-dom@18.3.7(@types/react@18.3.28))(@types/react@18.3.28)(react-dom@18.3.1(react@18.3.1))(react@18.3.1)
      '@radix-ui/react-dropdown-menu':
        specifier: ^2.1.15
        version: 2.1.16(@types/react-dom@18.3.7(@types/react@18.3.28))(@types/react@18.3.28)(react-dom@18.3.1(react@18.3.1))(react@18.3.1)
      '@radix-ui/react-hover-card':
        specifier: ^1.1.14
        version: 1.1.15(@types/react-dom@18.3.7(@types/react@18.3.28))(@types/react@18.3.28)(react-dom@18.3.1(react@18.3.1))(react@18.3.1)
      '@radix-ui/react-label':
        specifier: ^2.1.7
        version: 2.1.8(@types/react-dom@18.3.7(@types/react@18.3.28))(@types/react@18.3.28)(react-dom@18.3.1(react@18.3.1))(react@18.3.1)
      '@radix-ui/react-menubar':
        specifier: ^1.1.15
        version: 1.1.16(@types/react-dom@18.3.7(@types/react@18.3.28))(@types/react@18.3.28)(react-dom@18.3.1(react@18.3.1))(react@18.3.1)
      '@radix-ui/react-navigation-menu':
        specifier: ^1.2.13
        version: 1.2.14(@types/react-dom@18.3.7(@types/react@18.3.28))(@types/react@18.3.28)(react-dom@18.3.1(react@18.3.1))(react@18.3.1)
      '@radix-ui/react-popover':
        specifier: ^1.1.14
        version: 1.1.15(@types/react-dom@18.3.7(@types/react@18.3.28))(@types/react@18.3.28)(react-dom@18.3.1(react@18.3.1))(react@18.3.1)
      '@radix-ui/react-progress':
        specifier: ^1.1.7
        version: 1.1.8(@types/react-dom@18.3.7(@types/react@18.3.28))(@types/react@18.3.28)(react-dom@18.3.1(react@18.3.1))(react@18.3.1)
      '@radix-ui/react-radio-group':
        specifier: ^1.3.7
        version: 1.3.8(@types/react-dom@18.3.7(@types/react@18.3.28))(@types/react@18.3.28)(react-dom@18.3.1(react@18.3.1))(react@18.3.1)
      '@radix-ui/react-scroll-area':
        specifier: ^1.2.9
        version: 1.2.10(@types/react-dom@18.3.7(@types/react@18.3.28))(@types/react@18.3.28)(react-dom@18.3.1(react@18.3.1))(react@18.3.1)
      '@radix-ui/react-select':
        specifier: ^2.3.7
        version: 2.3.7(@types/react-dom@18.3.7(@types/react@18.3.28))(@types/react@18.3.28)(react-dom@18.3.1(react@18.3.1))(react@18.3.1)
      '@radix-ui/react-separator':
        specifier: ^1.1.7
        version: 1.1.8(@types/react-dom@18.3.7(@types/react@18.3.28))(@types/react@18.3.28)(react-dom@18.3.1(react@18.3.1))(react@18.3.1)
      '@radix-ui/react-slider':
        specifier: ^1.3.5
        version: 1.3.6(@types/react-dom@18.3.7(@types/react@18.3.28))(@types/react@18.3.28)(react-dom@18.3.1(react@18.3.1))(react@18.3.1)
      '@radix-ui/react-slot':
        specifier: ^1.2.3
        version: 1.2.4(@types/react@18.3.28)(react@18.3.1)
      '@radix-ui/react-switch':
        specifier: ^1.2.5
        version: 1.2.6(@types/react-dom@18.3.7(@types/react@18.3.28))(@types/react@18.3.28)(react-dom@18.3.1(react@18.3.1))(react@18.3.1)
      '@radix-ui/react-tabs':
        specifier: ^1.1.12
        version: 1.1.13(@types/react-dom@18.3.7(@types/react@18.3.28))(@types/react@18.3.28)(react-dom@18.3.1(react@18.3.1))(react@18.3.1)
      '@radix-ui/react-toast':
        specifier: ^1.2.14
        version: 1.2.15(@types/react-dom@18.3.7(@types/react@18.3.28))(@types/react@18.3.28)(react-dom@18.3.1(react@18.3.1))(react@18.3.1)
      '@radix-ui/react-toggle':
        specifier: ^1.1.9
        version: 1.1.10(@types/react-dom@18.3.7(@types/react@18.3.28))(@types/react@18.3.28)(react-dom@18.3.1(react@18.3.1))(react@18.3.1)
      '@radix-ui/react-toggle-group':
        specifier: ^1.1.10
        version: 1.1.11(@types/react-dom@18.3.7(@types/react@18.3.28))(@types/react@18.3.28)(react-dom@18.3.1(react@18.3.1))(react@18.3.1)
      '@radix-ui/react-tooltip':
        specifier: ^1.2.7
        version: 1.2.8(@types/react-dom@18.3.7(@types/react@18.3.28))(@types/react@18.3.28)(react-dom@18.3.1(react@18.3.1))(react@18.3.1)
      '@streamdown/cjk':
        specifier: ^1.0.3
        version: 1.0.3
      '@streamdown/code':
        specifier: ^1.1.1
        version: 1.1.1
      '@streamdown/math':
        specifier: ^1.0.2
        version: 1.0.2
      '@streamdown/mermaid':
        specifier: ^1.0.2
        version: 1.0.2
      '@supabase/supabase-js':
        specifier: ^2.98.0
        version: 2.106.0
      '@tanstack/react-query':
        specifier: ^5.83.0
        version: 5.100.11(react@18.3.1)
      ai:
        specifier: ^7.0.97
        version: 7.0.97
      class-variance-authority:
        specifier: ^0.7.1
        version: 0.7.1
      clsx:
        specifier: ^2.1.1
        version: 2.1.1
      cmdk:
        specifier: ^1.1.1
        version: 1.1.1(@types/react-dom@18.3.7(@types/react@18.3.28))(@types/react@18.3.28)(react-dom@18.3.1(react@18.3.1))(react@18.3.1)
      date-fns:
        specifier: ^3.6.0
        version: 3.6.0
      embla-carousel-react:
        specifier: ^8.6.0
        version: 8.6.0(react@18.3.1)
      framer-motion:
        specifier: ^12.34.1
        version: 12.39.0(react-dom@18.3.1(react@18.3.1))(react@18.3.1)
      input-otp:
        specifier: ^1.4.2
        version: 1.4.2(react-dom@18.3.1(react@18.3.1))(react@18.3.1)
      lucide-react:
        specifier: ^0.462.0
        version: 0.462.0(react@18.3.1)
      nanoid:
        specifier: ^6.0.1
        version: 6.0.1
      next-themes:
        specifier: ^0.3.0
        version: 0.3.0(react-dom@18.3.1(react@18.3.1))(react@18.3.1)
      papaparse:
        specifier: ^5.4.1
        version: 5.5.3
      react:
        specifier: ^18.3.1
        version: 18.3.1
      react-day-picker:
        specifier: ^8.10.1
        version: 8.10.2(date-fns@3.6.0)(react@18.3.1)
      react-dom:
        specifier: ^18.3.1
        version: 18.3.1(react@18.3.1)
      react-hook-form:
        specifier: ^7.61.1
        version: 7.76.0(react@18.3.1)
      react-onesignal:
        specifier: ^2.0.4
        version: 2.0.4(react@18.3.1)
      react-paystack:
        specifier: ^6.0.0
        version: 6.0.0(react-dom@18.3.1(react@18.3.1))(react@18.3.1)
      react-resizable-panels:
        specifier: ^2.1.9
        version: 2.1.9(react-dom@18.3.1(react@18.3.1))(react@18.3.1)
      react-router-dom:
        specifier: ^6.30.1
        version: 6.30.3(react-dom@18.3.1(react@18.3.1))(react@18.3.1)
      recharts:
        specifier: ^2.15.4
        version: 2.15.4(react-dom@18.3.1(react@18.3.1))(react@18.3.1)
      sonner:
        specifier: ^1.7.4
        version: 1.7.4(react-dom@18.3.1(react@18.3.1))(react@18.3.1)
      streamdown:
        specifier: ^2.6.0
        version: 2.6.0
      tailwind-merge:
        specifier: ^2.6.0
        version: 2.6.1
      tailwindcss-animate:
        specifier: ^1.0.7
        version: 1.0.7(tailwindcss@3.4.19)
      use-stick-to-bottom:
        specifier: ^1.1.6
        version: 1.1.6
      vaul:
        specifier: ^0.9.9
        version: 0.9.9(@types/react-dom@18.3.7(@types/react@18.3.28))(@types/react@18.3.28)(react-dom@18.3.1(react@18.3.1))(react@18.3.1)
      zod:
        specifier: ^3.25.76
        version: 3.25.76
    devDependencies:
      '@eslint/js':
        specifier: ^9.32.0
        version: 9.39.4
      '@tailwindcss/typography':
        specifier: ^0.5.16
        version: 0.5.19(tailwindcss@3.4.19)
      '@testing-library/jest-dom':
        specifier: ^6.6.0
        version: 6.9.1
      '@testing-library/react':
        specifier: ^16.0.0
        version: 16.3.2(@testing-library/dom@10.4.1)(@types/react-dom@18.3.7(@types/react@18.3.28))(@types/react@18.3.28)(react-dom@18.3.1(react@18.3.1))(react@18.3.1)
      '@types/node':
        specifier: ^22.16.5
        version: 22.19.19
      '@types/papaparse':
        specifier: ^5.3.15
        version: 5.5.2
      '@types/react':
        specifier: ^18.3.23
        version: 18.3.28
      '@types/react-dom':
        specifier: ^18.3.7
        version: 18.3.7(@types/react@18.3.28)
      '@vitejs/plugin-react-swc':
        specifier: ^3.11.0
        version: 3.11.0(vite@5.4.21(@types/node@22.19.19))
      autoprefixer:
        specifier: ^10.4.21
        version: 10.5.0(postcss@8.5.15)
      eslint:
        specifier: ^9.32.0
        version: 9.39.4(jiti@1.21.7)(supports-color@7.2.0)
      eslint-plugin-react-hooks:
        specifier: ^5.2.0
        version: 5.2.0(eslint@9.39.4(jiti@1.21.7)(supports-color@7.2.0))
      eslint-plugin-react-refresh:
        specifier: ^0.4.20
        version: 0.4.26(eslint@9.39.4(jiti@1.21.7)(supports-color@7.2.0))
      globals:
        specifier: ^15.15.0
        version: 15.15.0
      jsdom:
        specifier: ^20.0.3
        version: 20.0.3(supports-color@7.2.0)
      lovable-tagger:
        specifier: ^1.1.13
        version: 1.3.0(vite@5.4.21(@types/node@22.19.19))
      postcss:
        specifier: ^8.5.6
        version: 8.5.15
      tailwindcss:
        specifier: ^3.4.17
        version: 3.4.19
      typescript:
        specifier: ^5.8.3
        version: 5.9.3
      typescript-eslint:
        specifier: ^8.38.0
        version: 8.59.4(eslint@9.39.4(jiti@1.21.7)(supports-color@7.2.0))(supports-color@7.2.0)(typescript@5.9.3)
      vite:
        specifier: ^5.4.19
        version: 5.4.21(@types/node@22.19.19)
      vitest:
        specifier: ^3.2.4
        version: 3.2.4(@types/node@22.19.19)(jsdom@20.0.3(supports-color@7.2.0))(supports-color@7.2.0)
